
Microsoft Visual Studio Solution File, Format Version 12.00
# Visual Studio Version 17
VisualStudioVersion = 17.0.31903.59
MinimumVisualStudioVersion = 10.0.40219.1
Project("{2150E333-8FDC-42A3-9474-1A3956D46DE8}") = "src", "src", "{87FB0833-8771-47B6-826D-9426158F8292}"
EndProject
Project("{FAE04EC0-301F-11D3-BF4B-00C04F79EFBC}") = "CoreStationAgent", "src\CoreStationAgent\CoreStationAgent.csproj", "{F25CCCC9-5BF2-4499-A8F6-0BCDA23E795D}"
EndProject
Project("{2150E333-8FDC-42A3-9474-1A3956D46DE8}") = "tests", "tests", "{7FE190BE-14D7-434C-83AE-A3BE25D1129F}"
EndProject
Project("{FAE04EC0-301F-11D3-BF4B-00C04F79EFBC}") = "CoreStationAgent.Tests", "tests\CoreStationAgent.Tests\CoreStationAgent.Tests.csproj", "{84E8474A-EE04-47F9-88F5-B1885AAC71FF}"
EndProject
Global
	GlobalSection(SolutionConfigurationPlatforms) = preSolution
		Debug|Any CPU = Debug|Any CPU
		Release|Any CPU = Release|Any CPU
	EndGlobalSection
	GlobalSection(SolutionProperties) = preSolution
		HideSolutionNode = FALSE
	EndGlobalSection
	GlobalSection(ProjectConfigurationPlatforms) = postSolution
		{F25CCCC9-5BF2-4499-A8F6-0BCDA23E795D}.Debug|Any CPU.ActiveCfg = Debug|Any CPU
		{F25CCCC9-5BF2-4499-A8F6-0BCDA23E795D}.Debug|Any CPU.Build.0 = Debug|Any CPU
		{F25CCCC9-5BF2-4499-A8F6-0BCDA23E795D}.Release|Any CPU.ActiveCfg = Release|Any CPU
		{F25CCCC9-5BF2-4499-A8F6-0BCDA23E795D}.Release|Any CPU.Build.0 = Release|Any CPU
		{84E8474A-EE04-47F9-88F5-B1885AAC71FF}.Debug|Any CPU.ActiveCfg = Debug|Any CPU
		{84E8474A-EE04-47F9-88F5-B1885AAC71FF}.Debug|Any CPU.Build.0 = Debug|Any CPU
		{84E8474A-EE04-47F9-88F5-B1885AAC71FF}.Release|Any CPU.ActiveCfg = Release|Any CPU
		{84E8474A-EE04-47F9-88F5-B1885AAC71FF}.Release|Any CPU.Build.0 = Release|Any CPU
	EndGlobalSection
	GlobalSection(NestedProjects) = preSolution
		{F25CCCC9-5BF2-4499-A8F6-0BCDA23E795D} = {87FB0833-8771-47B6-826D-9426158F8292}
		{84E8474A-EE04-47F9-88F5-B1885AAC71FF} = {7FE190BE-14D7-434C-83AE-A3BE25D1129F}
	EndGlobalSection
EndGlobal
